hash: 7f809f65d66cbdf9a78ac7e817277cb59d12b2d40214bfa1755d8ca95faa8608
updated: 2018-05-03T09:47:20.162743-04:00
imports:
- name: github.com/BurntSushi/toml
  version: b26d9c308763d68093482582cea63d69be07a0f0
- name: github.com/eaburns/bit
  version: 7bd5cd37375d2f05b48121d57a0304d339bc56fb
- name: github.com/eaburns/flac
  version: 9a6fb92396d1ba6412b82819435dca0b46f959fb
- name: github.com/go-gl/gl
  version: 68e2537930806bfcee1b92a0e14b4e9b8bb3a3e3
  subpackages:
  - v2.1/gl
- name: github.com/go-gl/mathgl
  version: 5ab0e04e1f55a10f3a71b1fccc60ca2ee9a0bc02
  subpackages:
  - mgl32
  - mgl32/matstack
- name: github.com/golang/freetype
  version: e2365dfdc4a05e4b8299a783240d4a7d5a65d4e4
  subpackages:
  - raster
  - truetype
- name: github.com/hajimehoshi/go-mp3
  version: 3c185f92b8dbceefa913b64cae634ba47f452769
  subpackages:
  - internal/bits
  - internal/consts
  - internal/frame
  - internal/frameheader
  - internal/huffman
  - internal/imdct
  - internal/maindata
  - internal/sideinfo
- name: github.com/jfreymuth/oggvorbis
  version: 9504566bd4b4afd13a5e5acb770934d58c87028a
- name: github.com/jfreymuth/vorbis
  version: 2f16367d086d143e8e946cc5ee24618147d673dc
- name: github.com/skratchdot/open-golang
  version: 75fb7ed4208cf72d323d7d02fd1a5964a7a9073c
  subpackages:
  - open
- name: github.com/veandco/go-sdl2
  version: 30f30965227962032c13bd0b12a89e6a5107c768
  subpackages:
  - sdl
- name: golang.org/x/image
  version: f315e440302883054d0c2bd85486878cb4f8572c
  subpackages:
  - font
  - font/gofont/gobold
  - font/gofont/goitalic
  - font/gofont/goregular
  - math/f32
  - math/fixed
- name: golang.org/x/mobile
  version: c909788f9903c3fa409bdba28f909907d69fb3d1
  subpackages:
  - internal/mobileinit
testImports: []
